
Microsoft Visual Studio Solution File, Format Version 12.00
# Visual Studio Version 17
VisualStudioVersion = 17.5.002.0
MinimumVisualStudioVersion = 10.0.40219.1
Project("{9A19103F-16F7-4668-BE54-9A1E7A4F7556}") = "testapp", "testapp\testapp.csproj", "{D26EA7E8-F1CA-45C0-BD18-B2B6967F93FF}"
EndProject
Project("{9A19103F-16F7-4668-BE54-9A1E7A4F7556}") = "tests", "tests\tests.csproj", "{F1167AD0-0403-4598-A63D-DD5BDBC77601}"
EndProject
Project("{2150E333-8FDC-42A3-9474-1A3956D46DE8}") = "src", "src", "{F2056472-571A-4824-94F6-871764E0F5D8}"
EndProject
Project("{9A19103F-16F7-4668-BE54-9A1E7A4F7556}") = "core", "src\core\core.csproj", "{22B2B248-D5DA-4ABD-8660-361CB9BDE736}"
EndProject
Project("{9A19103F-16F7-4668-BE54-9A1E7A4F7556}") = "sqlite", "src\sqlite\sqlite.csproj", "{EF7CBC5E-3622-4D63-B211-EEE902E5F9FB}"
EndProject
Project("{9A19103F-16F7-4668-BE54-9A1E7A4F7556}") = "npgsql", "src\npgsql\npgsql.csproj", "{BA7488BE-10A9-4157-9C03-5757FFC4C18F}"
EndProject
Project("{9A19103F-16F7-4668-BE54-9A1E7A4F7556}") = "sqlserver", "src\sqlserver\sqlserver.csproj", "{1916B554-ADD7-49D0-8903-5CF569D15DB4}"
EndProject
Project("{9A19103F-16F7-4668-BE54-9A1E7A4F7556}") = "restsql", "src\restsql\restsql.csproj", "{9857218B-E707-4B20-88E2-4269B9892EEA}"
EndProject
Project("{FAE04EC0-301F-11D3-BF4B-00C04F79EFBC}") = "mapper", "src\mapper\mapper.csproj", "{A9412D2B-F6FC-4770-80CE-935645E911B2}"
EndProject
Global
	GlobalSection(SolutionConfigurationPlatforms) = preSolution
		Debug|Any CPU = Debug|Any CPU
		Release|Any CPU = Release|Any CPU
	EndGlobalSection
	GlobalSection(ProjectConfigurationPlatforms) = postSolution
		{D26EA7E8-F1CA-45C0-BD18-B2B6967F93FF}.Debug|Any CPU.ActiveCfg = Debug|Any CPU
		{D26EA7E8-F1CA-45C0-BD18-B2B6967F93FF}.Debug|Any CPU.Build.0 = Debug|Any CPU
		{D26EA7E8-F1CA-45C0-BD18-B2B6967F93FF}.Release|Any CPU.ActiveCfg = Release|Any CPU
		{D26EA7E8-F1CA-45C0-BD18-B2B6967F93FF}.Release|Any CPU.Build.0 = Release|Any CPU
		{F1167AD0-0403-4598-A63D-DD5BDBC77601}.Debug|Any CPU.ActiveCfg = Debug|Any CPU
		{F1167AD0-0403-4598-A63D-DD5BDBC77601}.Debug|Any CPU.Build.0 = Debug|Any CPU
		{F1167AD0-0403-4598-A63D-DD5BDBC77601}.Release|Any CPU.ActiveCfg = Release|Any CPU
		{F1167AD0-0403-4598-A63D-DD5BDBC77601}.Release|Any CPU.Build.0 = Release|Any CPU
		{22B2B248-D5DA-4ABD-8660-361CB9BDE736}.Debug|Any CPU.ActiveCfg = Debug|Any CPU
		{22B2B248-D5DA-4ABD-8660-361CB9BDE736}.Debug|Any CPU.Build.0 = Debug|Any CPU
		{22B2B248-D5DA-4ABD-8660-361CB9BDE736}.Release|Any CPU.ActiveCfg = Release|Any CPU
		{22B2B248-D5DA-4ABD-8660-361CB9BDE736}.Release|Any CPU.Build.0 = Release|Any CPU
		{EF7CBC5E-3622-4D63-B211-EEE902E5F9FB}.Debug|Any CPU.ActiveCfg = Debug|Any CPU
		{EF7CBC5E-3622-4D63-B211-EEE902E5F9FB}.Debug|Any CPU.Build.0 = Debug|Any CPU
		{EF7CBC5E-3622-4D63-B211-EEE902E5F9FB}.Release|Any CPU.ActiveCfg = Release|Any CPU
		{EF7CBC5E-3622-4D63-B211-EEE902E5F9FB}.Release|Any CPU.Build.0 = Release|Any CPU
		{BA7488BE-10A9-4157-9C03-5757FFC4C18F}.Debug|Any CPU.ActiveCfg = Debug|Any CPU
		{BA7488BE-10A9-4157-9C03-5757FFC4C18F}.Debug|Any CPU.Build.0 = Debug|Any CPU
		{BA7488BE-10A9-4157-9C03-5757FFC4C18F}.Release|Any CPU.ActiveCfg = Release|Any CPU
		{BA7488BE-10A9-4157-9C03-5757FFC4C18F}.Release|Any CPU.Build.0 = Release|Any CPU
		{1916B554-ADD7-49D0-8903-5CF569D15DB4}.Debug|Any CPU.ActiveCfg = Debug|Any CPU
		{1916B554-ADD7-49D0-8903-5CF569D15DB4}.Debug|Any CPU.Build.0 = Debug|Any CPU
		{1916B554-ADD7-49D0-8903-5CF569D15DB4}.Release|Any CPU.ActiveCfg = Release|Any CPU
		{1916B554-ADD7-49D0-8903-5CF569D15DB4}.Release|Any CPU.Build.0 = Release|Any CPU
		{9857218B-E707-4B20-88E2-4269B9892EEA}.Debug|Any CPU.ActiveCfg = Debug|Any CPU
		{9857218B-E707-4B20-88E2-4269B9892EEA}.Debug|Any CPU.Build.0 = Debug|Any CPU
		{9857218B-E707-4B20-88E2-4269B9892EEA}.Release|Any CPU.ActiveCfg = Release|Any CPU
		{9857218B-E707-4B20-88E2-4269B9892EEA}.Release|Any CPU.Build.0 = Release|Any CPU
		{A9412D2B-F6FC-4770-80CE-935645E911B2}.Debug|Any CPU.ActiveCfg = Debug|Any CPU
		{A9412D2B-F6FC-4770-80CE-935645E911B2}.Debug|Any CPU.Build.0 = Debug|Any CPU
		{A9412D2B-F6FC-4770-80CE-935645E911B2}.Release|Any CPU.ActiveCfg = Release|Any CPU
		{A9412D2B-F6FC-4770-80CE-935645E911B2}.Release|Any CPU.Build.0 = Release|Any CPU
	EndGlobalSection
	GlobalSection(SolutionProperties) = preSolution
		HideSolutionNode = FALSE
	EndGlobalSection
	GlobalSection(NestedProjects) = preSolution
		{22B2B248-D5DA-4ABD-8660-361CB9BDE736} = {F2056472-571A-4824-94F6-871764E0F5D8}
		{EF7CBC5E-3622-4D63-B211-EEE902E5F9FB} = {F2056472-571A-4824-94F6-871764E0F5D8}
		{BA7488BE-10A9-4157-9C03-5757FFC4C18F} = {F2056472-571A-4824-94F6-871764E0F5D8}
		{1916B554-ADD7-49D0-8903-5CF569D15DB4} = {F2056472-571A-4824-94F6-871764E0F5D8}
		{9857218B-E707-4B20-88E2-4269B9892EEA} = {F2056472-571A-4824-94F6-871764E0F5D8}
		{A9412D2B-F6FC-4770-80CE-935645E911B2} = {F2056472-571A-4824-94F6-871764E0F5D8}
	EndGlobalSection
	GlobalSection(ExtensibilityGlobals) = postSolution
		SolutionGuid = {79102CBD-7954-4FA9-9861-B9E749D1245C}
	EndGlobalSection
EndGlobal
